
Microsoft Visual Studio Solution File, Format Version 12.00
# Visual Studio 15
VisualStudioVersion = 15.0.34112.143
MinimumVisualStudioVersion = 10.0.40219.1
Project("{8BC9CEB8-8B4A-11D0-8D11-00A0C91BC942}") = "3.17", "3.17\3.17.vcxproj", "{55680529-8F4A-4161-8CFD-A21208EB1F5F}"
EndProject
Project("{8BC9CEB8-8B4A-11D0-8D11-00A0C91BC942}") = "3.18", "3.18\3.18.vcxproj", "{E4CC61F1-9659-4B1D-9A39-1686BA6C82BA}"
EndProject
Project("{8BC9CEB8-8B4A-11D0-8D11-00A0C91BC942}") = "3.19", "3.19\3.19.vcxproj", "{572EEFE3-0861-4AE7-961B-6CE661ACE36E}"
EndProject
Project("{8BC9CEB8-8B4A-11D0-8D11-00A0C91BC942}") = "3.20", "3.20\3.20.vcxproj", "{629E69A4-9BA9-47CE-8119-13E4E136700F}"
EndProject
Project("{8BC9CEB8-8B4A-11D0-8D11-00A0C91BC942}") = "3.33", "3.33\3.33.vcxproj", "{9B18CC8C-CA9B-4D31-AAE0-F2F47B001124}"
EndProject
Global
	GlobalSection(SolutionConfigurationPlatforms) = preSolution
		Debug|x64 = Debug|x64
		Debug|x86 = Debug|x86
		Release|x64 = Release|x64
		Release|x86 = Release|x86
	EndGlobalSection
	GlobalSection(ProjectConfigurationPlatforms) = postSolution
		{55680529-8F4A-4161-8CFD-A21208EB1F5F}.Debug|x64.ActiveCfg = Debug|x64
		{55680529-8F4A-4161-8CFD-A21208EB1F5F}.Debug|x64.Build.0 = Debug|x64
		{55680529-8F4A-4161-8CFD-A21208EB1F5F}.Debug|x86.ActiveCfg = Debug|Win32
		{55680529-8F4A-4161-8CFD-A21208EB1F5F}.Debug|x86.Build.0 = Debug|Win32
		{55680529-8F4A-4161-8CFD-A21208EB1F5F}.Release|x64.ActiveCfg = Release|x64
		{55680529-8F4A-4161-8CFD-A21208EB1F5F}.Release|x64.Build.0 = Release|x64
		{55680529-8F4A-4161-8CFD-A21208EB1F5F}.Release|x86.ActiveCfg = Release|Win32
		{55680529-8F4A-4161-8CFD-A21208EB1F5F}.Release|x86.Build.0 = Release|Win32
		{E4CC61F1-9659-4B1D-9A39-1686BA6C82BA}.Debug|x64.ActiveCfg = Debug|x64
		{E4CC61F1-9659-4B1D-9A39-1686BA6C82BA}.Debug|x64.Build.0 = Debug|x64
		{E4CC61F1-9659-4B1D-9A39-1686BA6C82BA}.Debug|x86.ActiveCfg = Debug|Win32
		{E4CC61F1-9659-4B1D-9A39-1686BA6C82BA}.Debug|x86.Build.0 = Debug|Win32
		{E4CC61F1-9659-4B1D-9A39-1686BA6C82BA}.Release|x64.ActiveCfg = Release|x64
		{E4CC61F1-9659-4B1D-9A39-1686BA6C82BA}.Release|x64.Build.0 = Release|x64
		{E4CC61F1-9659-4B1D-9A39-1686BA6C82BA}.Release|x86.ActiveCfg = Release|Win32
		{E4CC61F1-9659-4B1D-9A39-1686BA6C82BA}.Release|x86.Build.0 = Release|Win32
		{572EEFE3-0861-4AE7-961B-6CE661ACE36E}.Debug|x64.ActiveCfg = Debug|x64
		{572EEFE3-0861-4AE7-961B-6CE661ACE36E}.Debug|x64.Build.0 = Debug|x64
		{572EEFE3-0861-4AE7-961B-6CE661ACE36E}.Debug|x86.ActiveCfg = Debug|Win32
		{572EEFE3-0861-4AE7-961B-6CE661ACE36E}.Debug|x86.Build.0 = Debug|Win32
		{572EEFE3-0861-4AE7-961B-6CE661ACE36E}.Release|x64.ActiveCfg = Release|x64
		{572EEFE3-0861-4AE7-961B-6CE661ACE36E}.Release|x64.Build.0 = Release|x64
		{572EEFE3-0861-4AE7-961B-6CE661ACE36E}.Release|x86.ActiveCfg = Release|Win32
		{572EEFE3-0861-4AE7-961B-6CE661ACE36E}.Release|x86.Build.0 = Release|Win32
		{629E69A4-9BA9-47CE-8119-13E4E136700F}.Debug|x64.ActiveCfg = Debug|x64
		{629E69A4-9BA9-47CE-8119-13E4E136700F}.Debug|x64.Build.0 = Debug|x64
		{629E69A4-9BA9-47CE-8119-13E4E136700F}.Debug|x86.ActiveCfg = Debug|Win32
		{629E69A4-9BA9-47CE-8119-13E4E136700F}.Debug|x86.Build.0 = Debug|Win32
		{629E69A4-9BA9-47CE-8119-13E4E136700F}.Release|x64.ActiveCfg = Release|x64
		{629E69A4-9BA9-47CE-8119-13E4E136700F}.Release|x64.Build.0 = Release|x64
		{629E69A4-9BA9-47CE-8119-13E4E136700F}.Release|x86.ActiveCfg = Release|Win32
		{629E69A4-9BA9-47CE-8119-13E4E136700F}.Release|x86.Build.0 = Release|Win32
		{9B18CC8C-CA9B-4D31-AAE0-F2F47B001124}.Debug|x64.ActiveCfg = Debug|x64
		{9B18CC8C-CA9B-4D31-AAE0-F2F47B001124}.Debug|x64.Build.0 = Debug|x64
		{9B18CC8C-CA9B-4D31-AAE0-F2F47B001124}.Debug|x86.ActiveCfg = Debug|Win32
		{9B18CC8C-CA9B-4D31-AAE0-F2F47B001124}.Debug|x86.Build.0 = Debug|Win32
		{9B18CC8C-CA9B-4D31-AAE0-F2F47B001124}.Release|x64.ActiveCfg = Release|x64
		{9B18CC8C-CA9B-4D31-AAE0-F2F47B001124}.Release|x64.Build.0 = Release|x64
		{9B18CC8C-CA9B-4D31-AAE0-F2F47B001124}.Release|x86.ActiveCfg = Release|Win32
		{9B18CC8C-CA9B-4D31-AAE0-F2F47B001124}.Release|x86.Build.0 = Release|Win32
	EndGlobalSection
	GlobalSection(SolutionProperties) = preSolution
		HideSolutionNode = FALSE
	EndGlobalSection
	GlobalSection(ExtensibilityGlobals) = postSolution
		SolutionGuid = {14B9ABB1-8229-4D28-B9B3-E801351F353D}
	EndGlobalSection
EndGlobal
